
Microsoft Visual Studio Solution File, Format Version 12.00
# Visual Studio Version 17
VisualStudioVersion = 17.1.32407.343
MinimumVisualStudioVersion = 10.0.40219.1
Project("{888888A0-9F3D-457C-B088-3A5042F75D52}") = "TextMessagePrototype", "TextMessagePrototype.pyproj", "{82DF0733-8AE6-4820-9AC6-8DAA5AB4B176}"
EndProject
Global
	GlobalSection(SolutionConfigurationPlatforms) = preSolution
		Debug|Any CPU = Debug|Any CPU
		Release|Any CPU = Release|Any CPU
	EndGlobalSection
	GlobalSection(ProjectConfigurationPlatforms) = postSolution
		{82DF0733-8AE6-4820-9AC6-8DAA5AB4B176}.Debug|Any CPU.ActiveCfg = Debug|Any CPU
		{82DF0733-8AE6-4820-9AC6-8DAA5AB4B176}.Release|Any CPU.ActiveCfg = Release|Any CPU
	EndGlobalSection
	GlobalSection(SolutionProperties) = preSolution
		HideSolutionNode = FALSE
	EndGlobalSection
	GlobalSection(ExtensibilityGlobals) = postSolution
		SolutionGuid = {02E4E77D-DE87-45B9-B8ED-7B13E4211EB1}
	EndGlobalSection
EndGlobal
